
Microsoft Visual Studio Solution File, Format Version 12.00
# Visual Studio 15
VisualStudioVersion = 15.0.28010.2046
MinimumVisualStudioVersion = 10.0.40219.1
Project("{FAE04EC0-301F-11D3-BF4B-00C04F79EFBC}") = "PS4 BT_WIFI PATCHER", "PS4 BT_WIFI PATCHER\PS4 BT_WIFI PATCHER.csproj", "{A1628969-4F7D-4B9B-BF22-C092DCDBD7E1}"
EndProject
Global
	GlobalSection(SolutionConfigurationPlatforms) = preSolution
		Debug|Any CPU = Debug|Any CPU
		Release|Any CPU = Release|Any CPU
	EndGlobalSection
	GlobalSection(ProjectConfigurationPlatforms) = postSolution
		{A1628969-4F7D-4B9B-BF22-C092DCDBD7E1}.Debug|Any CPU.ActiveCfg = Debug|Any CPU
		{A1628969-4F7D-4B9B-BF22-C092DCDBD7E1}.Debug|Any CPU.Build.0 = Debug|Any CPU
		{A1628969-4F7D-4B9B-BF22-C092DCDBD7E1}.Release|Any CPU.ActiveCfg = Release|Any CPU
		{A1628969-4F7D-4B9B-BF22-C092DCDBD7E1}.Release|Any CPU.Build.0 = Release|Any CPU
	EndGlobalSection
	GlobalSection(SolutionProperties) = preSolution
		HideSolutionNode = FALSE
	EndGlobalSection
	GlobalSection(ExtensibilityGlobals) = postSolution
		SolutionGuid = {560F9343-AA27-4084-800B-E4D8C01CB67D}
	EndGlobalSection
EndGlobal
